
Microsoft Visual Studio Solution File, Format Version 12.00
# Visual Studio Version 17
VisualStudioVersion = 17.6.33712.159
MinimumVisualStudioVersion = 10.0.40219.1
Project("{FAE04EC0-301F-11D3-BF4B-00C04F79EFBC}") = "PharmEase_System", "PharmEase_System.csproj", "{91CCE948-EC40-4CD6-A8C7-BAC08AA36144}"
EndProject
Global
	GlobalSection(SolutionConfigurationPlatforms) = preSolution
		Debug|Any CPU = Debug|Any CPU
		Release|Any CPU = Release|Any CPU
	EndGlobalSection
	GlobalSection(ProjectConfigurationPlatforms) = postSolution
		{91CCE948-EC40-4CD6-A8C7-BAC08AA36144}.Debug|Any CPU.ActiveCfg = Debug|Any CPU
		{91CCE948-EC40-4CD6-A8C7-BAC08AA36144}.Debug|Any CPU.Build.0 = Debug|Any CPU
		{91CCE948-EC40-4CD6-A8C7-BAC08AA36144}.Release|Any CPU.ActiveCfg = Release|Any CPU
		{91CCE948-EC40-4CD6-A8C7-BAC08AA36144}.Release|Any CPU.Build.0 = Release|Any CPU
	EndGlobalSection
	GlobalSection(SolutionProperties) = preSolution
		HideSolutionNode = FALSE
	EndGlobalSection
	GlobalSection(ExtensibilityGlobals) = postSolution
		SolutionGuid = {036BE125-4154-4CDE-ABB1-E304B3324337}
	EndGlobalSection
EndGlobal
